// !$*UTF8*$!
{
	archiveVersion = 1;
	classes = {
	};
	objectVersion = 56;
	objects = {

/* Begin PBXBuildFile section */
		096F1E4F1B95A5F49E01E477 /* buffer.c in Sources */ = {isa = PBXBuildFile; fileRef = C9B50035AD65DAB4F8D4907D /* buffer.c */; };
		129FE1B07B6F1C08BEE29571 /* navigation.c in Sources */ = {isa = PBXBuildFile; fileRef = 1A6A2CA6A120374DFD2C17A9 /* navigation.c */; };
		2BDAA8816A1CCCEDF13710F3 /* undo.c in Sources */ = {isa = PBXBuildFile; fileRef = 6E4F835AAB1C61BAC9CEE8E7 /* undo.c */; };
		39012752CD641461CA418402 /* iAWriterQuattroS-Regular.ttf in Resources */ = {isa = PBXBuildFile; fileRef = 33ABBFC1ED879908E8012ABB /* iAWriterQuattroS-Regular.ttf */; };
		4008A792DF2BE6B99256D713 /* editing.c in Sources */ = {isa = PBXBuildFile; fileRef = 5D57D9A29FC298BAD9F93867 /* editing.c */; };
		8E98222F83C43A8B5882CBAA /* md_render.c in Sources */ = {isa = PBXBuildFile; fileRef = 18B3E6151F11E9E28BE36116 /* md_render.c */; };
		921D528F4F9504BC9F41480B /* textview.c in Sources */ = {isa = PBXBuildFile; fileRef = 2CDD2FC023B2AFB6A53E3CEA /* textview.c */; };
		9724928FFBE807BC3482FDB2 /* iAWriterQuattroS-Bold.ttf in Resources */ = {isa = PBXBuildFile; fileRef = 5C95E46109BB90D5A7FE1750 /* iAWriterQuattroS-Bold.ttf */; };
		AD8A8011A912E5F962117A39 /* renderer.c in Sources */ = {isa = PBXBuildFile; fileRef = A9F39D984D1E8DE5EBFCB74F /* renderer.c */; };
		D19305BA7725316FCFB77C70 /* Cocoa.framework in Frameworks */ = {isa = PBXBuildFile; fileRef = 77058B6DBF6A3A9876D9530F /* Cocoa.framework */; };
		D301A256DEA29D23DCB8E9E6 /* iAWriterQuattroS-Italic.ttf in Resources */ = {isa = PBXBuildFile; fileRef = E924D42935163633FA205D40 /* iAWriterQuattroS-Italic.ttf */; };
		DBE995ADFADCF81DE4E762DA /* microui.c in Sources */ = {isa = PBXBuildFile; fileRef = 38781E54FC342133352D50EC /* microui.c */; };
		E5692B3906C0896CF585A986 /* macos_style.m in Sources */ = {isa = PBXBuildFile; fileRef = 1E533C34BF5498D4A9668B3F /* macos_style.m */; };
		EA408972F06C38FC0CC0FF62 /* iAWriterMonoS-Regular.ttf in Resources */ = {isa = PBXBuildFile; fileRef = 160A2E324265A35809560F30 /* iAWriterMonoS-Regular.ttf */; };
		F84DB9C5501920AC54FCA61E /* OpenGL.framework in Frameworks */ = {isa = PBXBuildFile; fileRef = 520FC4ECF0F4CDEEBFF0A839 /* OpenGL.framework */; };
/* End PBXBuildFile section */

/* Begin PBXFileReference section */
		001B309CFCD3A5EE62B6B320 /* buffer.h */ = {isa = PBXFileReference; lastKnownFileType = sourcecode.c.h; path = buffer.h; sourceTree = "<group>"; };
		08A20DE9A848609B3118AB30 /* macos_style.h */ = {isa = PBXFileReference; lastKnownFileType = sourcecode.c.h; path = macos_style.h; sourceTree = "<group>"; };
		1599F05CCB61B4F1D368453B /* atlas.inl */ = {isa = PBXFileReference; lastKnownFileType = sourcecode.c.h; path = atlas.inl; sourceTree = "<group>"; };
		160A2E324265A35809560F30 /* iAWriterMonoS-Regular.ttf */ = {isa = PBXFileReference; lastKnownFileType = file; path = "iAWriterMonoS-Regular.ttf"; sourceTree = "<group>"; };
		18B3E6151F11E9E28BE36116 /* md_render.c */ = {isa = PBXFileReference; lastKnownFileType = sourcecode.c.c; path = md_render.c; sourceTree = "<group>"; };
		1A6A2CA6A120374DFD2C17A9 /* navigation.c */ = {isa = PBXFileReference; lastKnownFileType = sourcecode.c.c; path = navigation.c; sourceTree = "<group>"; };
		1D84FCF13A713E63E7759FDD /* navigation.h */ = {isa = PBXFileReference; lastKnownFileType = sourcecode.c.h; path = navigation.h; sourceTree = "<group>"; };
		1E533C34BF5498D4A9668B3F /* macos_style.m */ = {isa = PBXFileReference; lastKnownFileType = sourcecode.c.objc; path = macos_style.m; sourceTree = "<group>"; };
		2CDD2FC023B2AFB6A53E3CEA /* textview.c */ = {isa = PBXFileReference; lastKnownFileType = sourcecode.c.c; path = textview.c; sourceTree = "<group>"; };
		33ABBFC1ED879908E8012ABB /* iAWriterQuattroS-Regular.ttf */ = {isa = PBXFileReference; lastKnownFileType = file; path = "iAWriterQuattroS-Regular.ttf"; sourceTree = "<group>"; };
		38781E54FC342133352D50EC /* microui.c */ = {isa = PBXFileReference; lastKnownFileType = sourcecode.c.c; path = microui.c; sourceTree = "<group>"; };
		48C4174D7FF63F38780819F7 /* MicroEdit-Info.plist */ = {isa = PBXFileReference; lastKnownFileType = text.plist.xml; path = "MicroEdit-Info.plist"; sourceTree = "<group>"; };
		4FFAD4AB5F0BF2AC304E13DD /* md_render.h */ = {isa = PBXFileReference; lastKnownFileType = sourcecode.c.h; path = md_render.h; sourceTree = "<group>"; };
		520FC4ECF0F4CDEEBFF0A839 /* OpenGL.framework */ = {isa = PBXFileReference; lastKnownFileType = wrapper.framework; name = OpenGL.framework; path = System/Library/Frameworks/OpenGL.framework; sourceTree = SDKROOT; };
		5C95E46109BB90D5A7FE1750 /* iAWriterQuattroS-Bold.ttf */ = {isa = PBXFileReference; lastKnownFileType = file; path = "iAWriterQuattroS-Bold.ttf"; sourceTree = "<group>"; };
		5D57D9A29FC298BAD9F93867 /* editing.c */ = {isa = PBXFileReference; lastKnownFileType = sourcecode.c.c; path = editing.c; sourceTree = "<group>"; };
		6E4F835AAB1C61BAC9CEE8E7 /* undo.c */ = {isa = PBXFileReference; lastKnownFileType = sourcecode.c.c; path = undo.c; sourceTree = "<group>"; };
		757870E9A993DC96412B7D7C /* stb_truetype.h */ = {isa = PBXFileReference; lastKnownFileType = sourcecode.c.h; path = stb_truetype.h; sourceTree = "<group>"; };
		77058B6DBF6A3A9876D9530F /* Cocoa.framework */ = {isa = PBXFileReference; lastKnownFileType = wrapper.framework; name = Cocoa.framework; path = System/Library/Frameworks/Cocoa.framework; sourceTree = SDKROOT; };
		86779997657F30C15F8F6C71 /* editor_types.h */ = {isa = PBXFileReference; lastKnownFileType = sourcecode.c.h; path = editor_types.h; sourceTree = "<group>"; };
		89291FBFD39B6A63FD204E5A /* microui.h */ = {isa = PBXFileReference; lastKnownFileType = sourcecode.c.h; path = microui.h; sourceTree = "<group>"; };
		A41921F4FCA1263D331262DD /* undo.h */ = {isa = PBXFileReference; lastKnownFileType = sourcecode.c.h; path = undo.h; sourceTree = "<group>"; };
		A9F39D984D1E8DE5EBFCB74F /* renderer.c */ = {isa = PBXFileReference; lastKnownFileType = sourcecode.c.c; path = renderer.c; sourceTree = "<group>"; };
		C9B50035AD65DAB4F8D4907D /* buffer.c */ = {isa = PBXFileReference; lastKnownFileType = sourcecode.c.c; path = buffer.c; sourceTree = "<group>"; };
		CFC9A63EF9555A136EAB3F18 /* renderer.h */ = {isa = PBXFileReference; lastKnownFileType = sourcecode.c.h; path = renderer.h; sourceTree = "<group>"; };
		D1FEC26DEBAA877C5312DD8F /* editing.h */ = {isa = PBXFileReference; lastKnownFileType = sourcecode.c.h; path = editing.h; sourceTree = "<group>"; };
		D63F93EADC3A590C0E069246 /* MicroEdit.app */ = {isa = PBXFileReference; explicitFileType = wrapper.application; includeInIndex = 0; path = MicroEdit.app; sourceTree = BUILT_PRODUCTS_DIR; };
		E924D42935163633FA205D40 /* iAWriterQuattroS-Italic.ttf */ = {isa = PBXFileReference; lastKnownFileType = file; path = "iAWriterQuattroS-Italic.ttf"; sourceTree = "<group>"; };
/* End PBXFileReference section */

/* Begin PBXFrameworksBuildPhase section */
		424153ED3CD079DB4DB459AF /* Frameworks */ = {
			isa = PBXFrameworksBuildPhase;
			buildActionMask = 2147483647;
			files = (
				F84DB9C5501920AC54FCA61E /* OpenGL.framework in Frameworks */,
				D19305BA7725316FCFB77C70 /* Cocoa.framework in Frameworks */,
			);
			runOnlyForDeploymentPostprocessing = 0;
		};
/* End PBXFrameworksBuildPhase section */

/* Begin PBXGroup section */
		1129B6A53940C88B539F2B2B /* src */ = {
			isa = PBXGroup;
			children = (
				2CDD2FC023B2AFB6A53E3CEA /* textview.c */,
				C9B50035AD65DAB4F8D4907D /* buffer.c */,
				1A6A2CA6A120374DFD2C17A9 /* navigation.c */,
				5D57D9A29FC298BAD9F93867 /* editing.c */,
				6E4F835AAB1C61BAC9CEE8E7 /* undo.c */,
				18B3E6151F11E9E28BE36116 /* md_render.c */,
				A9F39D984D1E8DE5EBFCB74F /* renderer.c */,
				1E533C34BF5498D4A9668B3F /* macos_style.m */,
				001B309CFCD3A5EE62B6B320 /* buffer.h */,
				D1FEC26DEBAA877C5312DD8F /* editing.h */,
				1D84FCF13A713E63E7759FDD /* navigation.h */,
				A41921F4FCA1263D331262DD /* undo.h */,
				4FFAD4AB5F0BF2AC304E13DD /* md_render.h */,
				86779997657F30C15F8F6C71 /* editor_types.h */,
				CFC9A63EF9555A136EAB3F18 /* renderer.h */,
				08A20DE9A848609B3118AB30 /* macos_style.h */,
			);
			path = src;
			sourceTree = "<group>";
		};
		1DFD47BBF470539BB3831D68 /* assets */ = {
			isa = PBXGroup;
			children = (
				9711D0124B7156B5440F3273 /* fonts */,
			);
			path = assets;
			sourceTree = "<group>";
		};
		2D52935613B4328EB24435FF /* vendor */ = {
			isa = PBXGroup;
			children = (
				A6158C379AD36F0A061AA97A /* microui */,
				3765A27E5C2CD3E0C33D9C67 /* stb */,
			);
			path = vendor;
			sourceTree = "<group>";
		};
		3765A27E5C2CD3E0C33D9C67 /* stb */ = {
			isa = PBXGroup;
			children = (
				757870E9A993DC96412B7D7C /* stb_truetype.h */,
			);
			path = stb;
			sourceTree = "<group>";
		};
		518DA81DB9B99529C0C0AEBE /* MicroEdit */ = {
			isa = PBXGroup;
			children = (
				1129B6A53940C88B539F2B2B /* src */,
				2D52935613B4328EB24435FF /* vendor */,
				1DFD47BBF470539BB3831D68 /* assets */,
				48C4174D7FF63F38780819F7 /* MicroEdit-Info.plist */,
				649F037DD903349A9F8F2971 /* Frameworks */,
				547D009064F7C3F13BEF3460 /* Products */,
			);
			name = MicroEdit;
			sourceTree = "<group>";
		};
		547D009064F7C3F13BEF3460 /* Products */ = {
			isa = PBXGroup;
			children = (
				D63F93EADC3A590C0E069246 /* MicroEdit.app */,
			);
			name = Products;
			sourceTree = "<group>";
		};
		649F037DD903349A9F8F2971 /* Frameworks */ = {
			isa = PBXGroup;
			children = (
				520FC4ECF0F4CDEEBFF0A839 /* OpenGL.framework */,
				77058B6DBF6A3A9876D9530F /* Cocoa.framework */,
			);
			name = Frameworks;
			sourceTree = "<group>";
		};
		9711D0124B7156B5440F3273 /* fonts */ = {
			isa = PBXGroup;
			children = (
				33ABBFC1ED879908E8012ABB /* iAWriterQuattroS-Regular.ttf */,
				5C95E46109BB90D5A7FE1750 /* iAWriterQuattroS-Bold.ttf */,
				E924D42935163633FA205D40 /* iAWriterQuattroS-Italic.ttf */,
				160A2E324265A35809560F30 /* iAWriterMonoS-Regular.ttf */,
				1599F05CCB61B4F1D368453B /* atlas.inl */,
			);
			path = fonts;
			sourceTree = "<group>";
		};
		A6158C379AD36F0A061AA97A /* microui */ = {
			isa = PBXGroup;
			children = (
				38781E54FC342133352D50EC /* microui.c */,
				89291FBFD39B6A63FD204E5A /* microui.h */,
			);
			path = microui;
			sourceTree = "<group>";
		};
/* End PBXGroup section */

/* Begin PBXNativeTarget section */
		42AEFBAE01D2DFD981F7DA7D /* MicroEdit */ = {
			isa = PBXNativeTarget;
			buildConfigurationList = F2F62AAE534BA46EC59716F3 /* Build configuration list for PBXNativeTarget "MicroEdit" */;
			buildPhases = (
				7A70D71C385290AF96BF1031 /* Sources */,
				424153ED3CD079DB4DB459AF /* Frameworks */,
				285BB1C1430063331E9F5DD0 /* Resources */,
			);
			buildRules = (
			);
			dependencies = (
			);
			name = MicroEdit;
			productName = MicroEdit;
			productReference = D63F93EADC3A590C0E069246 /* MicroEdit.app */;
			productType = "com.apple.product-type.application";
		};
/* End PBXNativeTarget section */

/* Begin PBXProject section */
		46F86FAA6BBF9AC94A7E4595 /* Project object */ = {
			isa = PBXProject;
			attributes = {
				LastUpgradeCheck = 1600;
				TargetAttributes = {
					42AEFBAE01D2DFD981F7DA7D = {
						CreatedOnToolsVersion = 16.0;
					};
				};
			};
			buildConfigurationList = 7EF2517A8FE63F4681EC5EEA /* Build configuration list for PBXProject "MicroEdit" */;
			compatibilityVersion = "Xcode 14.0";
			developmentRegion = en;
			hasScannedForEncodings = 0;
			knownRegions = (
				en,
				Base,
			);
			mainGroup = 518DA81DB9B99529C0C0AEBE /* MicroEdit */;
			productRefGroup = 547D009064F7C3F13BEF3460 /* Products */;
			projectDirPath = "";
			projectRoot = "";
			targets = (
				42AEFBAE01D2DFD981F7DA7D /* MicroEdit */,
			);
		};
/* End PBXProject section */

/* Begin PBXResourcesBuildPhase section */
		285BB1C1430063331E9F5DD0 /* Resources */ = {
			isa = PBXResourcesBuildPhase;
			buildActionMask = 2147483647;
			files = (
				39012752CD641461CA418402 /* iAWriterQuattroS-Regular.ttf in Resources */,
				9724928FFBE807BC3482FDB2 /* iAWriterQuattroS-Bold.ttf in Resources */,
				D301A256DEA29D23DCB8E9E6 /* iAWriterQuattroS-Italic.ttf in Resources */,
				EA408972F06C38FC0CC0FF62 /* iAWriterMonoS-Regular.ttf in Resources */,
			);
			runOnlyForDeploymentPostprocessing = 0;
		};
/* End PBXResourcesBuildPhase section */

/* Begin PBXSourcesBuildPhase section */
		7A70D71C385290AF96BF1031 /* Sources */ = {
			isa = PBXSourcesBuildPhase;
			buildActionMask = 2147483647;
			files = (
				921D528F4F9504BC9F41480B /* textview.c in Sources */,
				096F1E4F1B95A5F49E01E477 /* buffer.c in Sources */,
				129FE1B07B6F1C08BEE29571 /* navigation.c in Sources */,
				4008A792DF2BE6B99256D713 /* editing.c in Sources */,
				2BDAA8816A1CCCEDF13710F3 /* undo.c in Sources */,
				8E98222F83C43A8B5882CBAA /* md_render.c in Sources */,
				AD8A8011A912E5F962117A39 /* renderer.c in Sources */,
				E5692B3906C0896CF585A986 /* macos_style.m in Sources */,
				DBE995ADFADCF81DE4E762DA /* microui.c in Sources */,
			);
			runOnlyForDeploymentPostprocessing = 0;
		};
/* End PBXSourcesBuildPhase section */

/* Begin XCBuildConfiguration section */
		256639833029BCA847F093AE /* Release */ = {
			isa = XCBuildConfiguration;
			buildSettings = {
				COMBINE_HIDPI_IMAGES = YES;
				"DEVELOPMENT_TEAM[sdk=macosx*]" = HKQARCV8QZ;
				ENABLE_HARDENED_RUNTIME = NO;
				GCC_WARN_UNUSED_VARIABLE = YES;
				HEADER_SEARCH_PATHS = (
					src,
					vendor/microui,
					vendor/stb,
					assets/fonts,
					/opt/homebrew/include,
				);
				INFOPLIST_FILE = "MicroEdit-Info.plist";
				LIBRARY_SEARCH_PATHS = /opt/homebrew/lib;
				OTHER_LDFLAGS = "-lSDL2";
				PRODUCT_BUNDLE_IDENTIFIER = com.microedit.app;
				PRODUCT_NAME = "$(TARGET_NAME)";
			};
			name = Release;
		};
		331C5106741EE8E14B752D88 /* Debug */ = {
			isa = XCBuildConfiguration;
			buildSettings = {
				COMBINE_HIDPI_IMAGES = YES;
				"DEVELOPMENT_TEAM[sdk=macosx*]" = HKQARCV8QZ;
				ENABLE_HARDENED_RUNTIME = NO;
				GCC_WARN_UNUSED_VARIABLE = YES;
				HEADER_SEARCH_PATHS = (
					src,
					vendor/microui,
					vendor/stb,
					assets/fonts,
					/opt/homebrew/include,
				);
				INFOPLIST_FILE = "MicroEdit-Info.plist";
				LIBRARY_SEARCH_PATHS = /opt/homebrew/lib;
				OTHER_LDFLAGS = "-lSDL2";
				PRODUCT_BUNDLE_IDENTIFIER = com.microedit.app;
				PRODUCT_NAME = "$(TARGET_NAME)";
			};
			name = Debug;
		};
		88A29AB70C762FCDF6D9A1D3 /* Release */ = {
			isa = XCBuildConfiguration;
			buildSettings = {
				ALWAYS_SEARCH_USER_PATHS = NO;
				CLANG_ENABLE_MODULES = YES;
				CLANG_ENABLE_OBJC_ARC = YES;
				CODE_SIGN_IDENTITY = "-";
				CODE_SIGN_STYLE = Manual;
				DEBUG_INFORMATION_FORMAT = "dwarf-with-dsym";
				DEVELOPMENT_TEAM = "";
				ENABLE_NS_ASSERTIONS = NO;
				GCC_C_LANGUAGE_STANDARD = c11;
				GCC_OPTIMIZATION_LEVEL = 3;
				MACOSX_DEPLOYMENT_TARGET = 11.0;
				SDKROOT = macosx;
			};
			name = Release;
		};
		C19BB360D63F1BA9F02BAB59 /* Debug */ = {
			isa = XCBuildConfiguration;
			buildSettings = {
				ALWAYS_SEARCH_USER_PATHS = NO;
				CLANG_ENABLE_MODULES = YES;
				CLANG_ENABLE_OBJC_ARC = YES;
				CODE_SIGN_IDENTITY = "-";
				CODE_SIGN_STYLE = Manual;
				DEBUG_INFORMATION_FORMAT = dwarf;
				DEVELOPMENT_TEAM = "";
				ENABLE_TESTABILITY = YES;
				GCC_C_LANGUAGE_STANDARD = c11;
				GCC_OPTIMIZATION_LEVEL = 0;
				GCC_PREPROCESSOR_DEFINITIONS = (
					"DEBUG=1",
					"$(inherited)",
				);
				MACOSX_DEPLOYMENT_TARGET = 11.0;
				ONLY_ACTIVE_ARCH = YES;
				SDKROOT = macosx;
			};
			name = Debug;
		};
/* End XCBuildConfiguration section */

/* Begin XCConfigurationList section */
		7EF2517A8FE63F4681EC5EEA /* Build configuration list for PBXProject "MicroEdit" */ = {
			isa = XCConfigurationList;
			buildConfigurations = (
				C19BB360D63F1BA9F02BAB59 /* Debug */,
				88A29AB70C762FCDF6D9A1D3 /* Release */,
			);
			defaultConfigurationIsVisible = 0;
			defaultConfigurationName = Release;
		};
		F2F62AAE534BA46EC59716F3 /* Build configuration list for PBXNativeTarget "MicroEdit" */ = {
			isa = XCConfigurationList;
			buildConfigurations = (
				331C5106741EE8E14B752D88 /* Debug */,
				256639833029BCA847F093AE /* Release */,
			);
			defaultConfigurationIsVisible = 0;
			defaultConfigurationName = Release;
		};
/* End XCConfigurationList section */
	};
	rootObject = 46F86FAA6BBF9AC94A7E4595 /* Project object */;
}
